
Microsoft Visual Studio Solution File, Format Version 12.00
# Visual Studio Version 17
VisualStudioVersion = 17.12.35527.113
MinimumVisualStudioVersion = 10.0.40219.1
Project("{FAE04EC0-301F-11D3-BF4B-00C04F79EFBC}") = "FluentDefaults", "src\FluentDefaults\FluentDefaults.csproj", "{823AF8EE-FB51-45ED-A767-AB4906391915}"
EndProject
Project("{FAE04EC0-301F-11D3-BF4B-00C04F79EFBC}") = "FluentDefaults.Tests", "tests\FluentDefaults.Tests\FluentDefaults.Tests.csproj", "{B4B2C03D-0051-4E9D-8AF8-54E1372B7984}"
EndProject
Project("{FAE04EC0-301F-11D3-BF4B-00C04F79EFBC}") = "FluentDetails.Sample", "tests\FluentDetails.Sample\FluentDetails.Sample.csproj", "{098E4DF0-EEE6-480D-98B7-61DDFE5FF479}"
EndProject
Project("{2150E333-8FDC-42A3-9474-1A3956D46DE8}") = "Solution Items", "Solution Items", "{48BBA99C-AB0A-4F9D-9D91-73B58AB47443}"
	ProjectSection(SolutionItems) = preProject
		README.md = README.md
	EndProjectSection
EndProject
Project("{FAE04EC0-301F-11D3-BF4B-00C04F79EFBC}") = "FluentDefaults.Tests.NBomber", "tests\FluentDefaults.Tests.NBomber\FluentDefaults.Tests.NBomber.csproj", "{04A24009-BA8E-4A7E-92F4-8274B1341282}"
EndProject
Project("{FAE04EC0-301F-11D3-BF4B-00C04F79EFBC}") = "FluentDefaults.Tests.Benchmark", "tests\FluentDefaults.Tests.Benchmark\FluentDefaults.Tests.Benchmark.csproj", "{17587A38-DB0E-4829-8383-9DCD133A43A2}"
EndProject
Global
	GlobalSection(SolutionConfigurationPlatforms) = preSolution
		Debug|Any CPU = Debug|Any CPU
		Release|Any CPU = Release|Any CPU
	EndGlobalSection
	GlobalSection(ProjectConfigurationPlatforms) = postSolution
		{823AF8EE-FB51-45ED-A767-AB4906391915}.Debug|Any CPU.ActiveCfg = Debug|Any CPU
		{823AF8EE-FB51-45ED-A767-AB4906391915}.Debug|Any CPU.Build.0 = Debug|Any CPU
		{823AF8EE-FB51-45ED-A767-AB4906391915}.Release|Any CPU.ActiveCfg = Release|Any CPU
		{823AF8EE-FB51-45ED-A767-AB4906391915}.Release|Any CPU.Build.0 = Release|Any CPU
		{B4B2C03D-0051-4E9D-8AF8-54E1372B7984}.Debug|Any CPU.ActiveCfg = Debug|Any CPU
		{B4B2C03D-0051-4E9D-8AF8-54E1372B7984}.Debug|Any CPU.Build.0 = Debug|Any CPU
		{B4B2C03D-0051-4E9D-8AF8-54E1372B7984}.Release|Any CPU.ActiveCfg = Release|Any CPU
		{B4B2C03D-0051-4E9D-8AF8-54E1372B7984}.Release|Any CPU.Build.0 = Release|Any CPU
		{098E4DF0-EEE6-480D-98B7-61DDFE5FF479}.Debug|Any CPU.ActiveCfg = Debug|Any CPU
		{098E4DF0-EEE6-480D-98B7-61DDFE5FF479}.Debug|Any CPU.Build.0 = Debug|Any CPU
		{098E4DF0-EEE6-480D-98B7-61DDFE5FF479}.Release|Any CPU.ActiveCfg = Release|Any CPU
		{098E4DF0-EEE6-480D-98B7-61DDFE5FF479}.Release|Any CPU.Build.0 = Release|Any CPU
		{04A24009-BA8E-4A7E-92F4-8274B1341282}.Debug|Any CPU.ActiveCfg = Debug|Any CPU
		{04A24009-BA8E-4A7E-92F4-8274B1341282}.Debug|Any CPU.Build.0 = Debug|Any CPU
		{04A24009-BA8E-4A7E-92F4-8274B1341282}.Release|Any CPU.ActiveCfg = Release|Any CPU
		{04A24009-BA8E-4A7E-92F4-8274B1341282}.Release|Any CPU.Build.0 = Release|Any CPU
		{17587A38-DB0E-4829-8383-9DCD133A43A2}.Debug|Any CPU.ActiveCfg = Debug|Any CPU
		{17587A38-DB0E-4829-8383-9DCD133A43A2}.Debug|Any CPU.Build.0 = Debug|Any CPU
		{17587A38-DB0E-4829-8383-9DCD133A43A2}.Release|Any CPU.ActiveCfg = Release|Any CPU
		{17587A38-DB0E-4829-8383-9DCD133A43A2}.Release|Any CPU.Build.0 = Release|Any CPU
	EndGlobalSection
	GlobalSection(SolutionProperties) = preSolution
		HideSolutionNode = FALSE
	EndGlobalSection
EndGlobal
